
Microsoft Visual Studio Solution File, Format Version 12.00
# Visual Studio Version 17
VisualStudioVersion = 17.0.32126.317
MinimumVisualStudioVersion = 15.0
Project("{9A19103F-16F7-4668-BE54-9A1E7A4F7556}") = "Google.Authenticator", "Google.Authenticator\Google.Authenticator.csproj", "{3D92DE47-0AB8-466F-9083-AF65D865E4BE}"
EndProject
Project("{FAE04EC0-301F-11D3-BF4B-00C04F79EFBC}") = "Google.Authenticator.WinTest", "Google.Authenticator.WinTest\Google.Authenticator.WinTest.csproj", "{C2B44C17-B77B-4DA8-B924-96B28B50D198}"
EndProject
Project("{FAE04EC0-301F-11D3-BF4B-00C04F79EFBC}") = "Google.Authenticator.WebSample", "Google.Authenticator.WebSample\Google.Authenticator.WebSample.csproj", "{21A63F79-D85F-4FE7-AC74-5171FAC0DCBF}"
EndProject
Project("{2150E333-8FDC-42A3-9474-1A3956D46DE8}") = "PublishScripts", "PublishScripts", "{AEA3C33C-6FF6-447C-AB2A-97E39AD97441}"
	ProjectSection(SolutionItems) = preProject
		PublishScripts\AzureWebsitePublishModule.psm1 = PublishScripts\AzureWebsitePublishModule.psm1
		PublishScripts\Publish-WebApplicationWebsite.ps1 = PublishScripts\Publish-WebApplicationWebsite.ps1
	EndProjectSection
EndProject
Project("{2150E333-8FDC-42A3-9474-1A3956D46DE8}") = "Configurations", "Configurations", "{A4B0F582-7831-4BFD-825C-64153E7E2138}"
	ProjectSection(SolutionItems) = preProject
		PublishScripts\Configurations\GoogleAuthenticatorWebSample-WAWS-dev.json = PublishScripts\Configurations\GoogleAuthenticatorWebSample-WAWS-dev.json
	EndProjectSection
EndProject
Project("{9A19103F-16F7-4668-BE54-9A1E7A4F7556}") = "Google.Authenticator.Tests", "Google.Authenticator.Tests\Google.Authenticator.Tests.csproj", "{5671E1C5-7CD0-4F42-8FFD-33879A9663DA}"
EndProject
Project("{9A19103F-16F7-4668-BE54-9A1E7A4F7556}") = "Google.Authenticator.SkiaImage.Tests", "Google.Authenticator.SkiaImage.Tests\Google.Authenticator.SkiaImage.Tests.csproj", "{141DF9B4-0054-4D7F-9F69-76224895FD92}"
EndProject
Global
	GlobalSection(SolutionConfigurationPlatforms) = preSolution
		Debug|Any CPU = Debug|Any CPU
		Release|Any CPU = Release|Any CPU
	EndGlobalSection
	GlobalSection(ProjectConfigurationPlatforms) = postSolution
		{3D92DE47-0AB8-466F-9083-AF65D865E4BE}.Debug|Any CPU.ActiveCfg = Debug|Any CPU
		{3D92DE47-0AB8-466F-9083-AF65D865E4BE}.Debug|Any CPU.Build.0 = Debug|Any CPU
		{3D92DE47-0AB8-466F-9083-AF65D865E4BE}.Release|Any CPU.ActiveCfg = Release|Any CPU
		{3D92DE47-0AB8-466F-9083-AF65D865E4BE}.Release|Any CPU.Build.0 = Release|Any CPU
		{C2B44C17-B77B-4DA8-B924-96B28B50D198}.Debug|Any CPU.ActiveCfg = Debug|Any CPU
		{C2B44C17-B77B-4DA8-B924-96B28B50D198}.Debug|Any CPU.Build.0 = Debug|Any CPU
		{C2B44C17-B77B-4DA8-B924-96B28B50D198}.Release|Any CPU.ActiveCfg = Release|Any CPU
		{C2B44C17-B77B-4DA8-B924-96B28B50D198}.Release|Any CPU.Build.0 = Release|Any CPU
		{21A63F79-D85F-4FE7-AC74-5171FAC0DCBF}.Debug|Any CPU.ActiveCfg = Debug|Any CPU
		{21A63F79-D85F-4FE7-AC74-5171FAC0DCBF}.Debug|Any CPU.Build.0 = Debug|Any CPU
		{21A63F79-D85F-4FE7-AC74-5171FAC0DCBF}.Release|Any CPU.ActiveCfg = Release|Any CPU
		{21A63F79-D85F-4FE7-AC74-5171FAC0DCBF}.Release|Any CPU.Build.0 = Release|Any CPU
		{5671E1C5-7CD0-4F42-8FFD-33879A9663DA}.Debug|Any CPU.ActiveCfg = Debug|Any CPU
		{5671E1C5-7CD0-4F42-8FFD-33879A9663DA}.Debug|Any CPU.Build.0 = Debug|Any CPU
		{5671E1C5-7CD0-4F42-8FFD-33879A9663DA}.Release|Any CPU.ActiveCfg = Release|Any CPU
		{5671E1C5-7CD0-4F42-8FFD-33879A9663DA}.Release|Any CPU.Build.0 = Release|Any CPU
		{141DF9B4-0054-4D7F-9F69-76224895FD92}.Debug|Any CPU.ActiveCfg = Debug|Any CPU
		{141DF9B4-0054-4D7F-9F69-76224895FD92}.Debug|Any CPU.Build.0 = Debug|Any CPU
		{141DF9B4-0054-4D7F-9F69-76224895FD92}.Release|Any CPU.ActiveCfg = Release|Any CPU
		{141DF9B4-0054-4D7F-9F69-76224895FD92}.Release|Any CPU.Build.0 = Release|Any CPU
	EndGlobalSection
	GlobalSection(SolutionProperties) = preSolution
		HideSolutionNode = FALSE
	EndGlobalSection
	GlobalSection(NestedProjects) = preSolution
		{A4B0F582-7831-4BFD-825C-64153E7E2138} = {AEA3C33C-6FF6-447C-AB2A-97E39AD97441}
	EndGlobalSection
	GlobalSection(ExtensibilityGlobals) = postSolution
		SolutionGuid = {FE32F382-B0D2-4C14-A612-F854B23C965D}
	EndGlobalSection
EndGlobal
